
Microsoft Visual Studio Solution File, Format Version 12.00
# Visual Studio Version 16
VisualStudioVersion = 16.0.30804.86
MinimumVisualStudioVersion = 10.0.40219.1
Project("{8BC9CEB8-8B4A-11D0-8D11-00A0C91BC942}") = "linkedlist", "linkedlist\linkedlist.vcxproj", "{F91B14E4-35FB-4E29-B1DA-C67FF321219E}"
EndProject
Global
	GlobalSection(SolutionConfigurationPlatforms) = preSolution
		Debug|x64 = Debug|x64
		Debug|x86 = Debug|x86
		Release|x64 = Release|x64
		Release|x86 = Release|x86
	EndGlobalSection
	GlobalSection(ProjectConfigurationPlatforms) = postSolution
		{F91B14E4-35FB-4E29-B1DA-C67FF321219E}.Debug|x64.ActiveCfg = Debug|x64
		{F91B14E4-35FB-4E29-B1DA-C67FF321219E}.Debug|x64.Build.0 = Debug|x64
		{F91B14E4-35FB-4E29-B1DA-C67FF321219E}.Debug|x86.ActiveCfg = Debug|Win32
		{F91B14E4-35FB-4E29-B1DA-C67FF321219E}.Debug|x86.Build.0 = Debug|Win32
		{F91B14E4-35FB-4E29-B1DA-C67FF321219E}.Release|x64.ActiveCfg = Release|x64
		{F91B14E4-35FB-4E29-B1DA-C67FF321219E}.Release|x64.Build.0 = Release|x64
		{F91B14E4-35FB-4E29-B1DA-C67FF321219E}.Release|x86.ActiveCfg = Release|Win32
		{F91B14E4-35FB-4E29-B1DA-C67FF321219E}.Release|x86.Build.0 = Release|Win32
	EndGlobalSection
	GlobalSection(SolutionProperties) = preSolution
		HideSolutionNode = FALSE
	EndGlobalSection
	GlobalSection(ExtensibilityGlobals) = postSolution
		SolutionGuid = {BC8558BA-39F9-41C8-A944-080873A6D828}
	EndGlobalSection
EndGlobal
