
Microsoft Visual Studio Solution File, Format Version 12.00
# Visual Studio Version 16
VisualStudioVersion = 16.0.30804.86
MinimumVisualStudioVersion = 10.0.40219.1
Project("{8BC9CEB8-8B4A-11D0-8D11-00A0C91BC942}") = "while", "while\while.vcxproj", "{693FF36B-CD42-419A-BC02-DD2D506C0770}"
EndProject
Global
	GlobalSection(SolutionConfigurationPlatforms) = preSolution
		Debug|x64 = Debug|x64
		Debug|x86 = Debug|x86
		Release|x64 = Release|x64
		Release|x86 = Release|x86
	EndGlobalSection
	GlobalSection(ProjectConfigurationPlatforms) = postSolution
		{693FF36B-CD42-419A-BC02-DD2D506C0770}.Debug|x64.ActiveCfg = Debug|x64
		{693FF36B-CD42-419A-BC02-DD2D506C0770}.Debug|x64.Build.0 = Debug|x64
		{693FF36B-CD42-419A-BC02-DD2D506C0770}.Debug|x86.ActiveCfg = Debug|Win32
		{693FF36B-CD42-419A-BC02-DD2D506C0770}.Debug|x86.Build.0 = Debug|Win32
		{693FF36B-CD42-419A-BC02-DD2D506C0770}.Release|x64.ActiveCfg = Release|x64
		{693FF36B-CD42-419A-BC02-DD2D506C0770}.Release|x64.Build.0 = Release|x64
		{693FF36B-CD42-419A-BC02-DD2D506C0770}.Release|x86.ActiveCfg = Release|Win32
		{693FF36B-CD42-419A-BC02-DD2D506C0770}.Release|x86.Build.0 = Release|Win32
	EndGlobalSection
	GlobalSection(SolutionProperties) = preSolution
		HideSolutionNode = FALSE
	EndGlobalSection
	GlobalSection(ExtensibilityGlobals) = postSolution
		SolutionGuid = {F63B243F-A71D-4A06-97DD-B7B6977C55BE}
	EndGlobalSection
EndGlobal
