
Microsoft Visual Studio Solution File, Format Version 12.00
# Visual Studio Version 16
VisualStudioVersion = 16.0.30804.86
MinimumVisualStudioVersion = 10.0.40219.1
Project("{8BC9CEB8-8B4A-11D0-8D11-00A0C91BC942}") = "templete", "templete\templete.vcxproj", "{5EB48494-0ACD-4A17-BD22-25CBB265D01A}"
EndProject
Global
	GlobalSection(SolutionConfigurationPlatforms) = preSolution
		Debug|x64 = Debug|x64
		Debug|x86 = Debug|x86
		Release|x64 = Release|x64
		Release|x86 = Release|x86
	EndGlobalSection
	GlobalSection(ProjectConfigurationPlatforms) = postSolution
		{5EB48494-0ACD-4A17-BD22-25CBB265D01A}.Debug|x64.ActiveCfg = Debug|x64
		{5EB48494-0ACD-4A17-BD22-25CBB265D01A}.Debug|x64.Build.0 = Debug|x64
		{5EB48494-0ACD-4A17-BD22-25CBB265D01A}.Debug|x86.ActiveCfg = Debug|Win32
		{5EB48494-0ACD-4A17-BD22-25CBB265D01A}.Debug|x86.Build.0 = Debug|Win32
		{5EB48494-0ACD-4A17-BD22-25CBB265D01A}.Release|x64.ActiveCfg = Release|x64
		{5EB48494-0ACD-4A17-BD22-25CBB265D01A}.Release|x64.Build.0 = Release|x64
		{5EB48494-0ACD-4A17-BD22-25CBB265D01A}.Release|x86.ActiveCfg = Release|Win32
		{5EB48494-0ACD-4A17-BD22-25CBB265D01A}.Release|x86.Build.0 = Release|Win32
	EndGlobalSection
	GlobalSection(SolutionProperties) = preSolution
		HideSolutionNode = FALSE
	EndGlobalSection
	GlobalSection(ExtensibilityGlobals) = postSolution
		SolutionGuid = {DF0BE2A4-11CC-49D6-B3F7-A17B3E5C5845}
	EndGlobalSection
EndGlobal
