
Microsoft Visual Studio Solution File, Format Version 12.00
# Visual Studio Version 16
VisualStudioVersion = 16.0.30804.86
MinimumVisualStudioVersion = 10.0.40219.1
Project("{8BC9CEB8-8B4A-11D0-8D11-00A0C91BC942}") = "별찍기", "별찍기\별찍기.vcxproj", "{EEEF0B85-F0E7-4571-B9A1-67BF9C320371}"
EndProject
Global
	GlobalSection(SolutionConfigurationPlatforms) = preSolution
		Debug|x64 = Debug|x64
		Debug|x86 = Debug|x86
		Release|x64 = Release|x64
		Release|x86 = Release|x86
	EndGlobalSection
	GlobalSection(ProjectConfigurationPlatforms) = postSolution
		{EEEF0B85-F0E7-4571-B9A1-67BF9C320371}.Debug|x64.ActiveCfg = Debug|x64
		{EEEF0B85-F0E7-4571-B9A1-67BF9C320371}.Debug|x64.Build.0 = Debug|x64
		{EEEF0B85-F0E7-4571-B9A1-67BF9C320371}.Debug|x86.ActiveCfg = Debug|Win32
		{EEEF0B85-F0E7-4571-B9A1-67BF9C320371}.Debug|x86.Build.0 = Debug|Win32
		{EEEF0B85-F0E7-4571-B9A1-67BF9C320371}.Release|x64.ActiveCfg = Release|x64
		{EEEF0B85-F0E7-4571-B9A1-67BF9C320371}.Release|x64.Build.0 = Release|x64
		{EEEF0B85-F0E7-4571-B9A1-67BF9C320371}.Release|x86.ActiveCfg = Release|Win32
		{EEEF0B85-F0E7-4571-B9A1-67BF9C320371}.Release|x86.Build.0 = Release|Win32
	EndGlobalSection
	GlobalSection(SolutionProperties) = preSolution
		HideSolutionNode = FALSE
	EndGlobalSection
	GlobalSection(ExtensibilityGlobals) = postSolution
		SolutionGuid = {EB732023-467F-4954-941D-315816AAD0D3}
	EndGlobalSection
EndGlobal
